<Solution>
  <Folder Name="/src/" />
  <Folder Name="/src/Backend/">
    <Project Path="src/Backend/Academy.Api/Academy.Api.csproj" />
    <Project Path="src/Backend/Academy.Application/Academy.Application.csproj" />
    <Project Path="src/Backend/Academy.Domain/Academy.Domain.csproj" />
    <Project Path="src/Backend/Academy.Infrastructure/Academy.Infrastructure.csproj" />
  </Folder>
  <Folder Name="/tests/">
    <Project Path="tests/Academy.Agent.Tests/Academy.Agent.Tests.csproj" />
    <Project Path="tests/Academy.IntegrationTests/Academy.IntegrationTests.csproj" />
    <Project Path="tests/Academy.UnitTests/Academy.UnitTests.csproj" />
  </Folder>
</Solution>
