<Solution>
  <Folder Name="/src/" />
  <Folder Name="/src/Agent/">
    <Project Path="src/Agent/Academy.Agent.Audio/Academy.Agent.Audio.csproj" />
    <Project Path="src/Agent/Academy.Agent.Capture/Academy.Agent.Capture.csproj" />
    <Project Path="src/Agent/Academy.Agent.Cloud/Academy.Agent.Cloud.csproj" />
    <Project Path="src/Agent/Academy.Agent.Media/Academy.Agent.Media.csproj" />
    <Project Path="src/Agent/Academy.Agent.Service/Academy.Agent.Service.csproj" />
  </Folder>
  <Folder Name="/src/Backend/">
    <Project Path="src/Backend/Academy.Api/Academy.Api.csproj" />
    <Project Path="src/Backend/Academy.Application/Academy.Application.csproj" />
    <Project Path="src/Backend/Academy.Domain/Academy.Domain.csproj" />
    <Project Path="src/Backend/Academy.Infrastructure/Academy.Infrastructure.csproj" />
  </Folder>
</Solution>
